// !$*UTF8*$!
{
	archiveVersion = 1;
	classes = {
	};
	objectVersion = 50;
	objects = {

/* Begin PBXBuildFile section */
		385EEDA320EDB72200F87169 /* API.swift in Sources */ = {isa = PBXBuildFile; fileRef = 385EEDA220EDB72200F87169 /* API.swift */; };
		385EEDA520EDB77500F87169 /* ResultTableViewController.swift in Sources */ = {isa = PBXBuildFile; fileRef = 385EEDA420EDB77500F87169 /* ResultTableViewController.swift */; };
		385EEDA720EDB78500F87169 /* ResultTableViewCell.swift in Sources */ = {isa = PBXBuildFile; fileRef = 385EEDA620EDB78500F87169 /* ResultTableViewCell.swift */; };
		385EEDA920EDC2D100F87169 /* ResultDetailViewController.swift in Sources */ = {isa = PBXBuildFile; fileRef = 385EEDA820EDC2D100F87169 /* ResultDetailViewController.swift */; };
		385EEDAB20EDCBC300F87169 /* HomeEventTableViewCell.swift in Sources */ = {isa = PBXBuildFile; fileRef = 385EEDAA20EDCBC300F87169 /* HomeEventTableViewCell.swift */; };
		385EEDAD20EDCBCF00F87169 /* AwayEventTableViewCell.swift in Sources */ = {isa = PBXBuildFile; fileRef = 385EEDAC20EDCBCF00F87169 /* AwayEventTableViewCell.swift */; };
		5730003D20E761B900451CCF /* MatchReviewController.swift in Sources */ = {isa = PBXBuildFile; fileRef = 5730003C20E761B900451CCF /* MatchReviewController.swift */; };
		5730003F20E7622700451CCF /* ReviewData.swift in Sources */ = {isa = PBXBuildFile; fileRef = 5730003E20E7622700451CCF /* ReviewData.swift */; };
		5730004120E781DD00451CCF /* ListViewController.swift in Sources */ = {isa = PBXBuildFile; fileRef = 5730004020E781DD00451CCF /* ListViewController.swift */; };
		5730004320E7821700451CCF /* ListViewCell.swift in Sources */ = {isa = PBXBuildFile; fileRef = 5730004220E7821700451CCF /* ListViewCell.swift */; };
		57E3284120E5294700C286EE /* AppDelegate.swift in Sources */ = {isa = PBXBuildFile; fileRef = 57E3284020E5294700C286EE /* AppDelegate.swift */; };
		57E3284320E5294700C286EE /* ViewController.swift in Sources */ = {isa = PBXBuildFile; fileRef = 57E3284220E5294700C286EE /* ViewController.swift */; };
		57E3284620E5294700C286EE /* Main.storyboard in Resources */ = {isa = PBXBuildFile; fileRef = 57E3284420E5294700C286EE /* Main.storyboard */; };
		57E3284820E5294800C286EE /* Assets.xcassets in Resources */ = {isa = PBXBuildFile; fileRef = 57E3284720E5294800C286EE /* Assets.xcassets */; };
		57E3284B20E5294800C286EE /* LaunchScreen.storyboard in Resources */ = {isa = PBXBuildFile; fileRef = 57E3284920E5294800C286EE /* LaunchScreen.storyboard */; };
		57E3285320E54F2D00C286EE /* APIinfor.swift in Sources */ = {isa = PBXBuildFile; fileRef = 57E3285220E54F2D00C286EE /* APIinfor.swift */; };
/* End PBXBuildFile section */

/* Begin PBXFileReference section */
		385EEDA220EDB72200F87169 /* API.swift */ = {isa = PBXFileReference; lastKnownFileType = sourcecode.swift; path = API.swift; sourceTree = "<group>"; };
		385EEDA420EDB77500F87169 /* ResultTableViewController.swift */ = {isa = PBXFileReference; lastKnownFileType = sourcecode.swift; path = ResultTableViewController.swift; sourceTree = "<group>"; };
		385EEDA620EDB78500F87169 /* ResultTableViewCell.swift */ = {isa = PBXFileReference; lastKnownFileType = sourcecode.swift; path = ResultTableViewCell.swift; sourceTree = "<group>"; };
		385EEDA820EDC2D100F87169 /* ResultDetailViewController.swift */ = {isa = PBXFileReference; lastKnownFileType = sourcecode.swift; path = ResultDetailViewController.swift; sourceTree = "<group>"; };
		385EEDAA20EDCBC300F87169 /* HomeEventTableViewCell.swift */ = {isa = PBXFileReference; lastKnownFileType = sourcecode.swift; path = HomeEventTableViewCell.swift; sourceTree = "<group>"; };
		385EEDAC20EDCBCF00F87169 /* AwayEventTableViewCell.swift */ = {isa = PBXFileReference; lastKnownFileType = sourcecode.swift; path = AwayEventTableViewCell.swift; sourceTree = "<group>"; };
		5730003C20E761B900451CCF /* MatchReviewController.swift */ = {isa = PBXFileReference; lastKnownFileType = sourcecode.swift; path = MatchReviewController.swift; sourceTree = "<group>"; };
		5730003E20E7622700451CCF /* ReviewData.swift */ = {isa = PBXFileReference; lastKnownFileType = sourcecode.swift; path = ReviewData.swift; sourceTree = "<group>"; };
		5730004020E781DD00451CCF /* ListViewController.swift */ = {isa = PBXFileReference; lastKnownFileType = sourcecode.swift; path = ListViewController.swift; sourceTree = "<group>"; };
		5730004220E7821700451CCF /* ListViewCell.swift */ = {isa = PBXFileReference; lastKnownFileType = sourcecode.swift; path = ListViewCell.swift; sourceTree = "<group>"; };
		57E3283D20E5294700C286EE /* FinalProject2018.app */ = {isa = PBXFileReference; explicitFileType = wrapper.application; includeInIndex = 0; path = FinalProject2018.app; sourceTree = BUILT_PRODUCTS_DIR; };
		57E3284020E5294700C286EE /* AppDelegate.swift */ = {isa = PBXFileReference; lastKnownFileType = sourcecode.swift; path = AppDelegate.swift; sourceTree = "<group>"; };
		57E3284220E5294700C286EE /* ViewController.swift */ = {isa = PBXFileReference; lastKnownFileType = sourcecode.swift; path = ViewController.swift; sourceTree = "<group>"; };
		57E3284520E5294700C286EE /* Base */ = {isa = PBXFileReference; lastKnownFileType = file.storyboard; name = Base; path = Base.lproj/Main.storyboard; sourceTree = "<group>"; };
		57E3284720E5294800C286EE /* Assets.xcassets */ = {isa = PBXFileReference; lastKnownFileType = folder.assetcatalog; path = Assets.xcassets; sourceTree = "<group>"; };
		57E3284A20E5294800C286EE /* Base */ = {isa = PBXFileReference; lastKnownFileType = file.storyboard; name = Base; path = Base.lproj/LaunchScreen.storyboard; sourceTree = "<group>"; };
		57E3284C20E5294800C286EE /* Info.plist */ = {isa = PBXFileReference; lastKnownFileType = text.plist.xml; path = Info.plist; sourceTree = "<group>"; };
		57E3285220E54F2D00C286EE /* APIinfor.swift */ = {isa = PBXFileReference; lastKnownFileType = sourcecode.swift; path = APIinfor.swift; sourceTree = "<group>"; };
/* End PBXFileReference section */

/* Begin PBXFrameworksBuildPhase section */
		57E3283A20E5294700C286EE /* Frameworks */ = {
			isa = PBXFrameworksBuildPhase;
			buildActionMask = 2147483647;
			files = (
			);
			runOnlyForDeploymentPostprocessing = 0;
		};
/* End PBXFrameworksBuildPhase section */

/* Begin PBXGroup section */
		5730004620E782B300451CCF /* Result */ = {
			isa = PBXGroup;
			children = (
				57E3285220E54F2D00C286EE /* APIinfor.swift */,
				385EEDA420EDB77500F87169 /* ResultTableViewController.swift */,
				385EEDA620EDB78500F87169 /* ResultTableViewCell.swift */,
				385EEDA820EDC2D100F87169 /* ResultDetailViewController.swift */,
				385EEDAA20EDCBC300F87169 /* HomeEventTableViewCell.swift */,
				385EEDAC20EDCBCF00F87169 /* AwayEventTableViewCell.swift */,
			);
			name = Result;
			sourceTree = "<group>";
		};
		5730004720E782D100451CCF /* ListView */ = {
			isa = PBXGroup;
			children = (
				5730003E20E7622700451CCF /* ReviewData.swift */,
				5730004020E781DD00451CCF /* ListViewController.swift */,
				5730004220E7821700451CCF /* ListViewCell.swift */,
				5730003C20E761B900451CCF /* MatchReviewController.swift */,
			);
			path = ListView;
			sourceTree = "<group>";
		};
		57E3283420E5294700C286EE = {
			isa = PBXGroup;
			children = (
				57E3283F20E5294700C286EE /* FinalProject2018 */,
				57E3283E20E5294700C286EE /* Products */,
			);
			sourceTree = "<group>";
		};
		57E3283E20E5294700C286EE /* Products */ = {
			isa = PBXGroup;
			children = (
				57E3283D20E5294700C286EE /* FinalProject2018.app */,
			);
			name = Products;
			sourceTree = "<group>";
		};
		57E3283F20E5294700C286EE /* FinalProject2018 */ = {
			isa = PBXGroup;
			children = (
				5730004720E782D100451CCF /* ListView */,
				5730004620E782B300451CCF /* Result */,
				57E3284020E5294700C286EE /* AppDelegate.swift */,
				57E3284220E5294700C286EE /* ViewController.swift */,
				57E3284420E5294700C286EE /* Main.storyboard */,
				57E3284720E5294800C286EE /* Assets.xcassets */,
				57E3284920E5294800C286EE /* LaunchScreen.storyboard */,
				57E3284C20E5294800C286EE /* Info.plist */,
				385EEDA220EDB72200F87169 /* API.swift */,
			);
			path = FinalProject2018;
			sourceTree = "<group>";
		};
/* End PBXGroup section */

/* Begin PBXNativeTarget section */
		57E3283C20E5294700C286EE /* FinalProject2018 */ = {
			isa = PBXNativeTarget;
			buildConfigurationList = 57E3284F20E5294800C286EE /* Build configuration list for PBXNativeTarget "FinalProject2018" */;
			buildPhases = (
				57E3283920E5294700C286EE /* Sources */,
				57E3283A20E5294700C286EE /* Frameworks */,
				57E3283B20E5294700C286EE /* Resources */,
			);
			buildRules = (
			);
			dependencies = (
			);
			name = FinalProject2018;
			productName = FinalProject2018;
			productReference = 57E3283D20E5294700C286EE /* FinalProject2018.app */;
			productType = "com.apple.product-type.application";
		};
/* End PBXNativeTarget section */

/* Begin PBXProject section */
		57E3283520E5294700C286EE /* Project object */ = {
			isa = PBXProject;
			attributes = {
				LastSwiftUpdateCheck = 0930;
				LastUpgradeCheck = 0930;
				ORGANIZATIONNAME = User02;
				TargetAttributes = {
					57E3283C20E5294700C286EE = {
						CreatedOnToolsVersion = 9.3;
					};
				};
			};
			buildConfigurationList = 57E3283820E5294700C286EE /* Build configuration list for PBXProject "FinalProject2018" */;
			compatibilityVersion = "Xcode 9.3";
			developmentRegion = en;
			hasScannedForEncodings = 0;
			knownRegions = (
				en,
				Base,
			);
			mainGroup = 57E3283420E5294700C286EE;
			productRefGroup = 57E3283E20E5294700C286EE /* Products */;
			projectDirPath = "";
			projectRoot = "";
			targets = (
				57E3283C20E5294700C286EE /* FinalProject2018 */,
			);
		};
/* End PBXProject section */

/* Begin PBXResourcesBuildPhase section */
		57E3283B20E5294700C286EE /* Resources */ = {
			isa = PBXResourcesBuildPhase;
			buildActionMask = 2147483647;
			files = (
				57E3284B20E5294800C286EE /* LaunchScreen.storyboard in Resources */,
				57E3284820E5294800C286EE /* Assets.xcassets in Resources */,
				57E3284620E5294700C286EE /* Main.storyboard in Resources */,
			);
			runOnlyForDeploymentPostprocessing = 0;
		};
/* End PBXResourcesBuildPhase section */

/* Begin PBXSourcesBuildPhase section */
		57E3283920E5294700C286EE /* Sources */ = {
			isa = PBXSourcesBuildPhase;
			buildActionMask = 2147483647;
			files = (
				57E3284320E5294700C286EE /* ViewController.swift in Sources */,
				385EEDAB20EDCBC300F87169 /* HomeEventTableViewCell.swift in Sources */,
				5730003D20E761B900451CCF /* MatchReviewController.swift in Sources */,
				5730004120E781DD00451CCF /* ListViewController.swift in Sources */,
				385EEDA920EDC2D100F87169 /* ResultDetailViewController.swift in Sources */,
				57E3284120E5294700C286EE /* AppDelegate.swift in Sources */,
				5730003F20E7622700451CCF /* ReviewData.swift in Sources */,
				385EEDA520EDB77500F87169 /* ResultTableViewController.swift in Sources */,
				385EEDAD20EDCBCF00F87169 /* AwayEventTableViewCell.swift in Sources */,
				57E3285320E54F2D00C286EE /* APIinfor.swift in Sources */,
				385EEDA320EDB72200F87169 /* API.swift in Sources */,
				385EEDA720EDB78500F87169 /* ResultTableViewCell.swift in Sources */,
				5730004320E7821700451CCF /* ListViewCell.swift in Sources */,
			);
			runOnlyForDeploymentPostprocessing = 0;
		};
/* End PBXSourcesBuildPhase section */

/* Begin PBXVariantGroup section */
		57E3284420E5294700C286EE /* Main.storyboard */ = {
			isa = PBXVariantGroup;
			children = (
				57E3284520E5294700C286EE /* Base */,
			);
			name = Main.storyboard;
			sourceTree = "<group>";
		};
		57E3284920E5294800C286EE /* LaunchScreen.storyboard */ = {
			isa = PBXVariantGroup;
			children = (
				57E3284A20E5294800C286EE /* Base */,
			);
			name = LaunchScreen.storyboard;
			sourceTree = "<group>";
		};
/* End PBXVariantGroup section */

/* Begin XCBuildConfiguration section */
		57E3284D20E5294800C286EE /* Debug */ = {
			isa = XCBuildConfiguration;
			buildSettings = {
				ALWAYS_SEARCH_USER_PATHS = NO;
				CLANG_ANALYZER_NONNULL = YES;
				CLANG_ANALYZER_NUMBER_OBJECT_CONVERSION = YES_AGGRESSIVE;
				CLANG_CXX_LANGUAGE_STANDARD = "gnu++14";
				CLANG_CXX_LIBRARY = "libc++";
				CLANG_ENABLE_MODULES = YES;
				CLANG_ENABLE_OBJC_ARC = YES;
				CLANG_ENABLE_OBJC_WEAK = YES;
				CLANG_WARN_BLOCK_CAPTURE_AUTORELEASING = YES;
				CLANG_WARN_BOOL_CONVERSION = YES;
				CLANG_WARN_COMMA = YES;
				CLANG_WARN_CONSTANT_CONVERSION = YES;
				CLANG_WARN_DEPRECATED_OBJC_IMPLEMENTATIONS = YES;
				CLANG_WARN_DIRECT_OBJC_ISA_USAGE = YES_ERROR;
				CLANG_WARN_DOCUMENTATION_COMMENTS = YES;
				CLANG_WARN_EMPTY_BODY = YES;
				CLANG_WARN_ENUM_CONVERSION = YES;
				CLANG_WARN_INFINITE_RECURSION = YES;
				CLANG_WARN_INT_CONVERSION = YES;
				CLANG_WARN_NON_LITERAL_NULL_CONVERSION = YES;
				CLANG_WARN_OBJC_IMPLICIT_RETAIN_SELF = YES;
				CLANG_WARN_OBJC_LITERAL_CONVERSION = YES;
				CLANG_WARN_OBJC_ROOT_CLASS = YES_ERROR;
				CLANG_WARN_RANGE_LOOP_ANALYSIS = YES;
				CLANG_WARN_STRICT_PROTOTYPES = YES;
				CLANG_WARN_SUSPICIOUS_MOVE = YES;
				CLANG_WARN_UNGUARDED_AVAILABILITY = YES_AGGRESSIVE;
				CLANG_WARN_UNREACHABLE_CODE = YES;
				CLANG_WARN__DUPLICATE_METHOD_MATCH = YES;
				CODE_SIGN_IDENTITY = "iPhone Developer";
				COPY_PHASE_STRIP = NO;
				DEBUG_INFORMATION_FORMAT = dwarf;
				ENABLE_STRICT_OBJC_MSGSEND = YES;
				ENABLE_TESTABILITY = YES;
				GCC_C_LANGUAGE_STANDARD = gnu11;
				GCC_DYNAMIC_NO_PIC = NO;
				GCC_NO_COMMON_BLOCKS = YES;
				GCC_OPTIMIZATION_LEVEL = 0;
				GCC_PREPROCESSOR_DEFINITIONS = (
					"DEBUG=1",
					"$(inherited)",
				);
				GCC_WARN_64_TO_32_BIT_CONVERSION = YES;
				GCC_WARN_ABOUT_RETURN_TYPE = YES_ERROR;
				GCC_WARN_UNDECLARED_SELECTOR = YES;
				GCC_WARN_UNINITIALIZED_AUTOS = YES_AGGRESSIVE;
				GCC_WARN_UNUSED_FUNCTION = YES;
				GCC_WARN_UNUSED_VARIABLE = YES;
				IPHONEOS_DEPLOYMENT_TARGET = 11.3;
				MTL_ENABLE_DEBUG_INFO = YES;
				ONLY_ACTIVE_ARCH = YES;
				SDKROOT = iphoneos;
				SWIFT_ACTIVE_COMPILATION_CONDITIONS = DEBUG;
				SWIFT_OPTIMIZATION_LEVEL = "-Onone";
			};
			name = Debug;
		};
		57E3284E20E5294800C286EE /* Release */ = {
			isa = XCBuildConfiguration;
			buildSettings = {
				ALWAYS_SEARCH_USER_PATHS = NO;
				CLANG_ANALYZER_NONNULL = YES;
				CLANG_ANALYZER_NUMBER_OBJECT_CONVERSION = YES_AGGRESSIVE;
				CLANG_CXX_LANGUAGE_STANDARD = "gnu++14";
				CLANG_CXX_LIBRARY = "libc++";
				CLANG_ENABLE_MODULES = YES;
				CLANG_ENABLE_OBJC_ARC = YES;
				CLANG_ENABLE_OBJC_WEAK = YES;
				CLANG_WARN_BLOCK_CAPTURE_AUTORELEASING = YES;
				CLANG_WARN_BOOL_CONVERSION = YES;
				CLANG_WARN_COMMA = YES;
				CLANG_WARN_CONSTANT_CONVERSION = YES;
				CLANG_WARN_DEPRECATED_OBJC_IMPLEMENTATIONS = YES;
				CLANG_WARN_DIRECT_OBJC_ISA_USAGE = YES_ERROR;
				CLANG_WARN_DOCUMENTATION_COMMENTS = YES;
				CLANG_WARN_EMPTY_BODY = YES;
				CLANG_WARN_ENUM_CONVERSION = YES;
				CLANG_WARN_INFINITE_RECURSION = YES;
				CLANG_WARN_INT_CONVERSION = YES;
				CLANG_WARN_NON_LITERAL_NULL_CONVERSION = YES;
				CLANG_WARN_OBJC_IMPLICIT_RETAIN_SELF = YES;
				CLANG_WARN_OBJC_LITERAL_CONVERSION = YES;
				CLANG_WARN_OBJC_ROOT_CLASS = YES_ERROR;
				CLANG_WARN_RANGE_LOOP_ANALYSIS = YES;
				CLANG_WARN_STRICT_PROTOTYPES = YES;
				CLANG_WARN_SUSPICIOUS_MOVE = YES;
				CLANG_WARN_UNGUARDED_AVAILABILITY = YES_AGGRESSIVE;
				CLANG_WARN_UNREACHABLE_CODE = YES;
				CLANG_WARN__DUPLICATE_METHOD_MATCH = YES;
				CODE_SIGN_IDENTITY = "iPhone Developer";
				COPY_PHASE_STRIP = NO;
				DEBUG_INFORMATION_FORMAT = "dwarf-with-dsym";
				ENABLE_NS_ASSERTIONS = NO;
				ENABLE_STRICT_OBJC_MSGSEND = YES;
				GCC_C_LANGUAGE_STANDARD = gnu11;
				GCC_NO_COMMON_BLOCKS = YES;
				GCC_WARN_64_TO_32_BIT_CONVERSION = YES;
				GCC_WARN_ABOUT_RETURN_TYPE = YES_ERROR;
				GCC_WARN_UNDECLARED_SELECTOR = YES;
				GCC_WARN_UNINITIALIZED_AUTOS = YES_AGGRESSIVE;
				GCC_WARN_UNUSED_FUNCTION = YES;
				GCC_WARN_UNUSED_VARIABLE = YES;
				IPHONEOS_DEPLOYMENT_TARGET = 11.3;
				MTL_ENABLE_DEBUG_INFO = NO;
				SDKROOT = iphoneos;
				SWIFT_COMPILATION_MODE = wholemodule;
				SWIFT_OPTIMIZATION_LEVEL = "-O";
				VALIDATE_PRODUCT = YES;
			};
			name = Release;
		};
		57E3285020E5294800C286EE /* Debug */ = {
			isa = XCBuildConfiguration;
			buildSettings = {
				ASSETCATALOG_COMPILER_APPICON_NAME = AppIcon;
				CODE_SIGN_STYLE = Automatic;
				DEVELOPMENT_TEAM = L6VPYXD3CW;
				INFOPLIST_FILE = FinalProject2018/Info.plist;
				LD_RUNPATH_SEARCH_PATHS = (
					"$(inherited)",
					"@executable_path/Frameworks",
				);
				PRODUCT_BUNDLE_IDENTIFIER = Rob.FinalProject2018;
				PRODUCT_NAME = "$(TARGET_NAME)";
				SWIFT_VERSION = 4.0;
				TARGETED_DEVICE_FAMILY = "1,2";
			};
			name = Debug;
		};
		57E3285120E5294800C286EE /* Release */ = {
			isa = XCBuildConfiguration;
			buildSettings = {
				ASSETCATALOG_COMPILER_APPICON_NAME = AppIcon;
				CODE_SIGN_STYLE = Automatic;
				DEVELOPMENT_TEAM = L6VPYXD3CW;
				INFOPLIST_FILE = FinalProject2018/Info.plist;
				LD_RUNPATH_SEARCH_PATHS = (
					"$(inherited)",
					"@executable_path/Frameworks",
				);
				PRODUCT_BUNDLE_IDENTIFIER = Rob.FinalProject2018;
				PRODUCT_NAME = "$(TARGET_NAME)";
				SWIFT_VERSION = 4.0;
				TARGETED_DEVICE_FAMILY = "1,2";
			};
			name = Release;
		};
/* End XCBuildConfiguration section */

/* Begin XCConfigurationList section */
		57E3283820E5294700C286EE /* Build configuration list for PBXProject "FinalProject2018" */ = {
			isa = XCConfigurationList;
			buildConfigurations = (
				57E3284D20E5294800C286EE /* Debug */,
				57E3284E20E5294800C286EE /* Release */,
			);
			defaultConfigurationIsVisible = 0;
			defaultConfigurationName = Release;
		};
		57E3284F20E5294800C286EE /* Build configuration list for PBXNativeTarget "FinalProject2018" */ = {
			isa = XCConfigurationList;
			buildConfigurations = (
				57E3285020E5294800C286EE /* Debug */,
				57E3285120E5294800C286EE /* Release */,
			);
			defaultConfigurationIsVisible = 0;
			defaultConfigurationName = Release;
		};
/* End XCConfigurationList section */
	};
	rootObject = 57E3283520E5294700C286EE /* Project object */;
}
